
Microsoft Visual Studio Solution File, Format Version 12.00
# Visual Studio 14
VisualStudioVersion = 14.0.25123.0
MinimumVisualStudioVersion = 10.0.40219.1
Project("{FAE04EC0-301F-11D3-BF4B-00C04F79EFBC}") = "Mvx4Sandbox.Droid", "Mvx4Sandbox\Mvx4Sandbox.Droid\Mvx4Sandbox.Droid.csproj", "{C6EC1C03-228A-4CE8-96A0-891DFF064698}"
EndProject
Project("{FAE04EC0-301F-11D3-BF4B-00C04F79EFBC}") = "Mvx4Sandbox.iOS", "Mvx4Sandbox\Mvx4Sandbox.iOS\Mvx4Sandbox.iOS.csproj", "{4A137B07-6A24-4C0D-8539-73C8C1FB799F}"
EndProject
Project("{FAE04EC0-301F-11D3-BF4B-00C04F79EFBC}") = "Mvx4Sandbox.WinPhone", "Mvx4Sandbox\Mvx4Sandbox.WinPhone\Mvx4Sandbox.WinPhone.csproj", "{A54236E8-803C-4D51-B925-8BB56D1EA40F}"
EndProject
Project("{FAE04EC0-301F-11D3-BF4B-00C04F79EFBC}") = "Mvx4Sandbox.Core", "Mvx4Sandbox\Mvx4Sandbox\Mvx4Sandbox.Core.csproj", "{A7CC8FBD-297B-4D69-889F-796D1D8BB73F}"
EndProject
Global
	GlobalSection(SolutionConfigurationPlatforms) = preSolution
		AppStore|Any CPU = AppStore|Any CPU
		AppStore|ARM = AppStore|ARM
		AppStore|iPhone = AppStore|iPhone
		AppStore|iPhoneSimulator = AppStore|iPhoneSimulator
		AppStore|x86 = AppStore|x86
		Debug|Any CPU = Debug|Any CPU
		Debug|ARM = Debug|ARM
		Debug|iPhone = Debug|iPhone
		Debug|iPhoneSimulator = Debug|iPhoneSimulator
		Debug|x86 = Debug|x86
		Release|Any CPU = Release|Any CPU
		Release|ARM = Release|ARM
		Release|iPhone = Release|iPhone
		Release|iPhoneSimulator = Release|iPhoneSimulator
		Release|x86 = Release|x86
	EndGlobalSection
	GlobalSection(ProjectConfigurationPlatforms) = postSolution
		{C6EC1C03-228A-4CE8-96A0-891DFF064698}.AppStore|Any CPU.ActiveCfg = Release|Any CPU
		{C6EC1C03-228A-4CE8-96A0-891DFF064698}.AppStore|Any CPU.Build.0 = Release|Any CPU
		{C6EC1C03-228A-4CE8-96A0-891DFF064698}.AppStore|Any CPU.Deploy.0 = Release|Any CPU
		{C6EC1C03-228A-4CE8-96A0-891DFF064698}.AppStore|ARM.ActiveCfg = Release|Any CPU
		{C6EC1C03-228A-4CE8-96A0-891DFF064698}.AppStore|ARM.Build.0 = Release|Any CPU
		{C6EC1C03-228A-4CE8-96A0-891DFF064698}.AppStore|ARM.Deploy.0 = Release|Any CPU
		{C6EC1C03-228A-4CE8-96A0-891DFF064698}.AppStore|iPhone.ActiveCfg = Release|Any CPU
		{C6EC1C03-228A-4CE8-96A0-891DFF064698}.AppStore|iPhone.Build.0 = Release|Any CPU
		{C6EC1C03-228A-4CE8-96A0-891DFF064698}.AppStore|iPhone.Deploy.0 = Release|Any CPU
		{C6EC1C03-228A-4CE8-96A0-891DFF064698}.AppStore|iPhoneSimulator.ActiveCfg = Release|Any CPU
		{C6EC1C03-228A-4CE8-96A0-891DFF064698}.AppStore|iPhoneSimulator.Build.0 = Release|Any CPU
		{C6EC1C03-228A-4CE8-96A0-891DFF064698}.AppStore|iPhoneSimulator.Deploy.0 = Release|Any CPU
		{C6EC1C03-228A-4CE8-96A0-891DFF064698}.AppStore|x86.ActiveCfg = Release|Any CPU
		{C6EC1C03-228A-4CE8-96A0-891DFF064698}.AppStore|x86.Build.0 = Release|Any CPU
		{C6EC1C03-228A-4CE8-96A0-891DFF064698}.AppStore|x86.Deploy.0 = Release|Any CPU
		{C6EC1C03-228A-4CE8-96A0-891DFF064698}.Debug|Any CPU.ActiveCfg = Debug|Any CPU
		{C6EC1C03-228A-4CE8-96A0-891DFF064698}.Debug|Any CPU.Build.0 = Debug|Any CPU
		{C6EC1C03-228A-4CE8-96A0-891DFF064698}.Debug|Any CPU.Deploy.0 = Debug|Any CPU
		{C6EC1C03-228A-4CE8-96A0-891DFF064698}.Debug|ARM.ActiveCfg = Debug|Any CPU
		{C6EC1C03-228A-4CE8-96A0-891DFF064698}.Debug|ARM.Build.0 = Debug|Any CPU
		{C6EC1C03-228A-4CE8-96A0-891DFF064698}.Debug|ARM.Deploy.0 = Debug|Any CPU
		{C6EC1C03-228A-4CE8-96A0-891DFF064698}.Debug|iPhone.ActiveCfg = Debug|Any CPU
		{C6EC1C03-228A-4CE8-96A0-891DFF064698}.Debug|iPhone.Build.0 = Debug|Any CPU
		{C6EC1C03-228A-4CE8-96A0-891DFF064698}.Debug|iPhone.Deploy.0 = Debug|Any CPU
		{C6EC1C03-228A-4CE8-96A0-891DFF064698}.Debug|iPhoneSimulator.ActiveCfg = Debug|Any CPU
		{C6EC1C03-228A-4CE8-96A0-891DFF064698}.Debug|iPhoneSimulator.Build.0 = Debug|Any CPU
		{C6EC1C03-228A-4CE8-96A0-891DFF064698}.Debug|iPhoneSimulator.Deploy.0 = Debug|Any CPU
		{C6EC1C03-228A-4CE8-96A0-891DFF064698}.Debug|x86.ActiveCfg = Debug|Any CPU
		{C6EC1C03-228A-4CE8-96A0-891DFF064698}.Debug|x86.Build.0 = Debug|Any CPU
		{C6EC1C03-228A-4CE8-96A0-891DFF064698}.Debug|x86.Deploy.0 = Debug|Any CPU
		{C6EC1C03-228A-4CE8-96A0-891DFF064698}.Release|Any CPU.ActiveCfg = Release|Any CPU
		{C6EC1C03-228A-4CE8-96A0-891DFF064698}.Release|Any CPU.Build.0 = Release|Any CPU
		{C6EC1C03-228A-4CE8-96A0-891DFF064698}.Release|Any CPU.Deploy.0 = Release|Any CPU
		{C6EC1C03-228A-4CE8-96A0-891DFF064698}.Release|ARM.ActiveCfg = Release|Any CPU
		{C6EC1C03-228A-4CE8-96A0-891DFF064698}.Release|ARM.Build.0 = Release|Any CPU
		{C6EC1C03-228A-4CE8-96A0-891DFF064698}.Release|ARM.Deploy.0 = Release|Any CPU
		{C6EC1C03-228A-4CE8-96A0-891DFF064698}.Release|iPhone.ActiveCfg = Release|Any CPU
		{C6EC1C03-228A-4CE8-96A0-891DFF064698}.Release|iPhone.Build.0 = Release|Any CPU
		{C6EC1C03-228A-4CE8-96A0-891DFF064698}.Release|iPhone.Deploy.0 = Release|Any CPU
		{C6EC1C03-228A-4CE8-96A0-891DFF064698}.Release|iPhoneSimulator.ActiveCfg = Release|Any CPU
		{C6EC1C03-228A-4CE8-96A0-891DFF064698}.Release|iPhoneSimulator.Build.0 = Release|Any CPU
		{C6EC1C03-228A-4CE8-96A0-891DFF064698}.Release|iPhoneSimulator.Deploy.0 = Release|Any CPU
		{C6EC1C03-228A-4CE8-96A0-891DFF064698}.Release|x86.ActiveCfg = Release|Any CPU
		{C6EC1C03-228A-4CE8-96A0-891DFF064698}.Release|x86.Build.0 = Release|Any CPU
		{C6EC1C03-228A-4CE8-96A0-891DFF064698}.Release|x86.Deploy.0 = Release|Any CPU
		{4A137B07-6A24-4C0D-8539-73C8C1FB799F}.AppStore|Any CPU.ActiveCfg = AppStore|iPhone
		{4A137B07-6A24-4C0D-8539-73C8C1FB799F}.AppStore|ARM.ActiveCfg = AppStore|iPhone
		{4A137B07-6A24-4C0D-8539-73C8C1FB799F}.AppStore|iPhone.ActiveCfg = AppStore|iPhone
		{4A137B07-6A24-4C0D-8539-73C8C1FB799F}.AppStore|iPhone.Build.0 = AppStore|iPhone
		{4A137B07-6A24-4C0D-8539-73C8C1FB799F}.AppStore|iPhoneSimulator.ActiveCfg = AppStore|iPhoneSimulator
		{4A137B07-6A24-4C0D-8539-73C8C1FB799F}.AppStore|iPhoneSimulator.Build.0 = AppStore|iPhoneSimulator
		{4A137B07-6A24-4C0D-8539-73C8C1FB799F}.AppStore|x86.ActiveCfg = AppStore|iPhone
		{4A137B07-6A24-4C0D-8539-73C8C1FB799F}.Debug|Any CPU.ActiveCfg = Debug|iPhone
		{4A137B07-6A24-4C0D-8539-73C8C1FB799F}.Debug|ARM.ActiveCfg = Debug|iPhone
		{4A137B07-6A24-4C0D-8539-73C8C1FB799F}.Debug|iPhone.ActiveCfg = Debug|iPhone
		{4A137B07-6A24-4C0D-8539-73C8C1FB799F}.Debug|iPhone.Build.0 = Debug|iPhone
		{4A137B07-6A24-4C0D-8539-73C8C1FB799F}.Debug|iPhoneSimulator.ActiveCfg = Debug|iPhoneSimulator
		{4A137B07-6A24-4C0D-8539-73C8C1FB799F}.Debug|iPhoneSimulator.Build.0 = Debug|iPhoneSimulator
		{4A137B07-6A24-4C0D-8539-73C8C1FB799F}.Debug|iPhoneSimulator.Deploy.0 = Debug|iPhoneSimulator
		{4A137B07-6A24-4C0D-8539-73C8C1FB799F}.Debug|x86.ActiveCfg = Debug|iPhone
		{4A137B07-6A24-4C0D-8539-73C8C1FB799F}.Release|Any CPU.ActiveCfg = Release|iPhone
		{4A137B07-6A24-4C0D-8539-73C8C1FB799F}.Release|ARM.ActiveCfg = Release|iPhone
		{4A137B07-6A24-4C0D-8539-73C8C1FB799F}.Release|iPhone.ActiveCfg = Release|iPhone
		{4A137B07-6A24-4C0D-8539-73C8C1FB799F}.Release|iPhone.Build.0 = Release|iPhone
		{4A137B07-6A24-4C0D-8539-73C8C1FB799F}.Release|iPhoneSimulator.ActiveCfg = Release|iPhoneSimulator
		{4A137B07-6A24-4C0D-8539-73C8C1FB799F}.Release|iPhoneSimulator.Build.0 = Release|iPhoneSimulator
		{4A137B07-6A24-4C0D-8539-73C8C1FB799F}.Release|x86.ActiveCfg = Release|iPhone
		{A54236E8-803C-4D51-B925-8BB56D1EA40F}.AppStore|Any CPU.ActiveCfg = Release|Any CPU
		{A54236E8-803C-4D51-B925-8BB56D1EA40F}.AppStore|Any CPU.Build.0 = Release|Any CPU
		{A54236E8-803C-4D51-B925-8BB56D1EA40F}.AppStore|Any CPU.Deploy.0 = Release|Any CPU
		{A54236E8-803C-4D51-B925-8BB56D1EA40F}.AppStore|ARM.ActiveCfg = Release|ARM
		{A54236E8-803C-4D51-B925-8BB56D1EA40F}.AppStore|ARM.Build.0 = Release|ARM
		{A54236E8-803C-4D51-B925-8BB56D1EA40F}.AppStore|ARM.Deploy.0 = Release|ARM
		{A54236E8-803C-4D51-B925-8BB56D1EA40F}.AppStore|iPhone.ActiveCfg = Release|Any CPU
		{A54236E8-803C-4D51-B925-8BB56D1EA40F}.AppStore|iPhone.Build.0 = Release|Any CPU
		{A54236E8-803C-4D51-B925-8BB56D1EA40F}.AppStore|iPhone.Deploy.0 = Release|Any CPU
		{A54236E8-803C-4D51-B925-8BB56D1EA40F}.AppStore|iPhoneSimulator.ActiveCfg = Release|Any CPU
		{A54236E8-803C-4D51-B925-8BB56D1EA40F}.AppStore|iPhoneSimulator.Build.0 = Release|Any CPU
		{A54236E8-803C-4D51-B925-8BB56D1EA40F}.AppStore|iPhoneSimulator.Deploy.0 = Release|Any CPU
		{A54236E8-803C-4D51-B925-8BB56D1EA40F}.AppStore|x86.ActiveCfg = Release|x86
		{A54236E8-803C-4D51-B925-8BB56D1EA40F}.AppStore|x86.Build.0 = Release|x86
		{A54236E8-803C-4D51-B925-8BB56D1EA40F}.AppStore|x86.Deploy.0 = Release|x86
		{A54236E8-803C-4D51-B925-8BB56D1EA40F}.Debug|Any CPU.ActiveCfg = Debug|Any CPU
		{A54236E8-803C-4D51-B925-8BB56D1EA40F}.Debug|Any CPU.Build.0 = Debug|Any CPU
		{A54236E8-803C-4D51-B925-8BB56D1EA40F}.Debug|Any CPU.Deploy.0 = Debug|Any CPU
		{A54236E8-803C-4D51-B925-8BB56D1EA40F}.Debug|ARM.ActiveCfg = Debug|ARM
		{A54236E8-803C-4D51-B925-8BB56D1EA40F}.Debug|ARM.Build.0 = Debug|ARM
		{A54236E8-803C-4D51-B925-8BB56D1EA40F}.Debug|ARM.Deploy.0 = Debug|ARM
		{A54236E8-803C-4D51-B925-8BB56D1EA40F}.Debug|iPhone.ActiveCfg = Debug|Any CPU
		{A54236E8-803C-4D51-B925-8BB56D1EA40F}.Debug|iPhone.Build.0 = Debug|Any CPU
		{A54236E8-803C-4D51-B925-8BB56D1EA40F}.Debug|iPhone.Deploy.0 = Debug|Any CPU
		{A54236E8-803C-4D51-B925-8BB56D1EA40F}.Debug|iPhoneSimulator.ActiveCfg = Debug|Any CPU
		{A54236E8-803C-4D51-B925-8BB56D1EA40F}.Debug|iPhoneSimulator.Build.0 = Debug|Any CPU
		{A54236E8-803C-4D51-B925-8BB56D1EA40F}.Debug|iPhoneSimulator.Deploy.0 = Debug|Any CPU
		{A54236E8-803C-4D51-B925-8BB56D1EA40F}.Debug|x86.ActiveCfg = Debug|x86
		{A54236E8-803C-4D51-B925-8BB56D1EA40F}.Debug|x86.Build.0 = Debug|x86
		{A54236E8-803C-4D51-B925-8BB56D1EA40F}.Debug|x86.Deploy.0 = Debug|x86
		{A54236E8-803C-4D51-B925-8BB56D1EA40F}.Release|Any CPU.ActiveCfg = Release|Any CPU
		{A54236E8-803C-4D51-B925-8BB56D1EA40F}.Release|Any CPU.Build.0 = Release|Any CPU
		{A54236E8-803C-4D51-B925-8BB56D1EA40F}.Release|Any CPU.Deploy.0 = Release|Any CPU
		{A54236E8-803C-4D51-B925-8BB56D1EA40F}.Release|ARM.ActiveCfg = Release|ARM
		{A54236E8-803C-4D51-B925-8BB56D1EA40F}.Release|ARM.Build.0 = Release|ARM
		{A54236E8-803C-4D51-B925-8BB56D1EA40F}.Release|ARM.Deploy.0 = Release|ARM
		{A54236E8-803C-4D51-B925-8BB56D1EA40F}.Release|iPhone.ActiveCfg = Release|Any CPU
		{A54236E8-803C-4D51-B925-8BB56D1EA40F}.Release|iPhone.Build.0 = Release|Any CPU
		{A54236E8-803C-4D51-B925-8BB56D1EA40F}.Release|iPhone.Deploy.0 = Release|Any CPU
		{A54236E8-803C-4D51-B925-8BB56D1EA40F}.Release|iPhoneSimulator.ActiveCfg = Release|Any CPU
		{A54236E8-803C-4D51-B925-8BB56D1EA40F}.Release|iPhoneSimulator.Build.0 = Release|Any CPU
		{A54236E8-803C-4D51-B925-8BB56D1EA40F}.Release|iPhoneSimulator.Deploy.0 = Release|Any CPU
		{A54236E8-803C-4D51-B925-8BB56D1EA40F}.Release|x86.ActiveCfg = Release|x86
		{A54236E8-803C-4D51-B925-8BB56D1EA40F}.Release|x86.Build.0 = Release|x86
		{A54236E8-803C-4D51-B925-8BB56D1EA40F}.Release|x86.Deploy.0 = Release|x86
		{A7CC8FBD-297B-4D69-889F-796D1D8BB73F}.AppStore|Any CPU.ActiveCfg = Release|Any CPU
		{A7CC8FBD-297B-4D69-889F-796D1D8BB73F}.AppStore|Any CPU.Build.0 = Release|Any CPU
		{A7CC8FBD-297B-4D69-889F-796D1D8BB73F}.AppStore|ARM.ActiveCfg = Release|Any CPU
		{A7CC8FBD-297B-4D69-889F-796D1D8BB73F}.AppStore|ARM.Build.0 = Release|Any CPU
		{A7CC8FBD-297B-4D69-889F-796D1D8BB73F}.AppStore|iPhone.ActiveCfg = Release|Any CPU
		{A7CC8FBD-297B-4D69-889F-796D1D8BB73F}.AppStore|iPhone.Build.0 = Release|Any CPU
		{A7CC8FBD-297B-4D69-889F-796D1D8BB73F}.AppStore|iPhoneSimulator.ActiveCfg = Release|Any CPU
		{A7CC8FBD-297B-4D69-889F-796D1D8BB73F}.AppStore|iPhoneSimulator.Build.0 = Release|Any CPU
		{A7CC8FBD-297B-4D69-889F-796D1D8BB73F}.AppStore|x86.ActiveCfg = Release|Any CPU
		{A7CC8FBD-297B-4D69-889F-796D1D8BB73F}.AppStore|x86.Build.0 = Release|Any CPU
		{A7CC8FBD-297B-4D69-889F-796D1D8BB73F}.Debug|Any CPU.ActiveCfg = Debug|Any CPU
		{A7CC8FBD-297B-4D69-889F-796D1D8BB73F}.Debug|Any CPU.Build.0 = Debug|Any CPU
		{A7CC8FBD-297B-4D69-889F-796D1D8BB73F}.Debug|ARM.ActiveCfg = Debug|Any CPU
		{A7CC8FBD-297B-4D69-889F-796D1D8BB73F}.Debug|ARM.Build.0 = Debug|Any CPU
		{A7CC8FBD-297B-4D69-889F-796D1D8BB73F}.Debug|iPhone.ActiveCfg = Debug|Any CPU
		{A7CC8FBD-297B-4D69-889F-796D1D8BB73F}.Debug|iPhone.Build.0 = Debug|Any CPU
		{A7CC8FBD-297B-4D69-889F-796D1D8BB73F}.Debug|iPhoneSimulator.ActiveCfg = Debug|Any CPU
		{A7CC8FBD-297B-4D69-889F-796D1D8BB73F}.Debug|iPhoneSimulator.Build.0 = Debug|Any CPU
		{A7CC8FBD-297B-4D69-889F-796D1D8BB73F}.Debug|x86.ActiveCfg = Debug|Any CPU
		{A7CC8FBD-297B-4D69-889F-796D1D8BB73F}.Debug|x86.Build.0 = Debug|Any CPU
		{A7CC8FBD-297B-4D69-889F-796D1D8BB73F}.Release|Any CPU.ActiveCfg = Release|Any CPU
		{A7CC8FBD-297B-4D69-889F-796D1D8BB73F}.Release|Any CPU.Build.0 = Release|Any CPU
		{A7CC8FBD-297B-4D69-889F-796D1D8BB73F}.Release|ARM.ActiveCfg = Release|Any CPU
		{A7CC8FBD-297B-4D69-889F-796D1D8BB73F}.Release|ARM.Build.0 = Release|Any CPU
		{A7CC8FBD-297B-4D69-889F-796D1D8BB73F}.Release|iPhone.ActiveCfg = Release|Any CPU
		{A7CC8FBD-297B-4D69-889F-796D1D8BB73F}.Release|iPhone.Build.0 = Release|Any CPU
		{A7CC8FBD-297B-4D69-889F-796D1D8BB73F}.Release|iPhoneSimulator.ActiveCfg = Release|Any CPU
		{A7CC8FBD-297B-4D69-889F-796D1D8BB73F}.Release|iPhoneSimulator.Build.0 = Release|Any CPU
		{A7CC8FBD-297B-4D69-889F-796D1D8BB73F}.Release|x86.ActiveCfg = Release|Any CPU
		{A7CC8FBD-297B-4D69-889F-796D1D8BB73F}.Release|x86.Build.0 = Release|Any CPU
	EndGlobalSection
	GlobalSection(SolutionProperties) = preSolution
		HideSolutionNode = FALSE
	EndGlobalSection
EndGlobal
